{
  "name": "json-schema-ref-parser-kmp-node-test-project",
  "version": "1.0.0",
  "lockfileVersion": 3,
  "requires": true,
  "packages": {
    "": {
      "name": "json-schema-ref-parser-kmp-node-test-project",
      "version": "1.0.0",
      "dependencies": {
        "@zenwave360/json-schema-ref-parser-kmp": "file:../build/js/packages/json-schema-ref-parser-kmp"
      }
    },
    "../build/js/packages/json-schema-ref-parser-kmp": {
      "name": "@zenwave360/json-schema-ref-parser-kmp",
      "version": "1.0.0-SNAPSHOT",
      "license": "MIT",
      "dependencies": {
        "format-util": "^1.0.5"
      },
      "devDependencies": {
        "source-map-support": "0.5.21",
        "typescript": "5.5.4"
      }
    },
    "node_modules/@zenwave360/json-schema-ref-parser-kmp": {
      "resolved": "../build/js/packages/json-schema-ref-parser-kmp",
      "link": true
    }
  }
}
